<?xml version="1.0" encoding="utf-8"?>
<Project ToolsVersion="4.0" xmlns="http://schemas.microsoft.com/developer/msbuild/2003">
  <ItemGroup>
    <Filter Include="PCH">
      <UniqueIdentifier>{3b98ac74-28c3-4934-af0b-2837023e55fd}</UniqueIdentifier>
    </Filter>
  </ItemGroup>
  <ItemGroup>
    <ClInclude Include="..\..\src\scripts\Precompiled.h">
      <Filter>PCH</Filter>
    </ClInclude>
  </ItemGroup>
  <ItemGroup>
    <ClCompile Include="..\..\src\scripts\Precompiled.cpp">
      <Filter>PCH</Filter>
    </ClCompile>
    <ClCompile Include="..\..\src\scripts\npc_spirit_guide.cpp" />
    <ClCompile Include="..\..\src\scripts\npc_teleporter.cpp" />
    <ClCompile Include="..\..\src\scripts\ScriptLoader.cpp" />
    <ClCompile Include="..\..\src\scripts\npc_beast_master.cpp" />
    <ClCompile Include="..\..\src\scripts\npc_enchant.cpp" />
    <ClCompile Include="..\..\src\scripts\npc_training_dummy.cpp" />
    <ClCompile Include="..\..\src\scripts\pgossip_template.cpp" />
  </ItemGroup>
</Project>